
Microsoft Visual Studio Solution File, Format Version 12.00
# Visual Studio 15
VisualStudioVersion = 15.0.27428.2027
MinimumVisualStudioVersion = 10.0.40219.1
Project("{2150E333-8FDC-42A3-9474-1A3956D46DE8}") = "Collections", "Collections", "{0C6FCDBF-E8CC-4319-948A-FA5F7464F86E}"
EndProject
Project("{9A19103F-16F7-4668-BE54-9A1E7A4F7556}") = "ListDemo", "ListDemo\ListDemo.csproj", "{2145439D-BAF7-45B8-A46A-6DBF1FD5E2AE}"
EndProject
Project("{9A19103F-16F7-4668-BE54-9A1E7A4F7556}") = "DictionaryDemo", "DictionaryDemo\DictionaryDemo.csproj", "{B36D5639-884B-4C7A-A41B-456D01BDC59E}"
EndProject
Project("{9A19103F-16F7-4668-BE54-9A1E7A4F7556}") = "ArrayListDemo", "ArrayListDemo\ArrayListDemo.csproj", "{755ED784-3084-4A5D-98A9-9297D4797688}"
EndProject
Project("{9A19103F-16F7-4668-BE54-9A1E7A4F7556}") = "HashTableDemo", "HashTableDemo\HashTableDemo.csproj", "{4D688C00-3F76-4210-AF09-E5A5D44EE681}"
EndProject
Project("{9A19103F-16F7-4668-BE54-9A1E7A4F7556}") = "ConcurrentDictionaryDemo", "ConcurrentDictionaryDemo\ConcurrentDictionaryDemo.csproj", "{8865309F-B6C6-4802-802B-3EB05ABF1AEA}"
EndProject
Project("{9A19103F-16F7-4668-BE54-9A1E7A4F7556}") = "BitArrayDemo", "BitArrayDemo\BitArrayDemo.csproj", "{7672E90F-BDDA-4E64-BE3D-43ECEB5CFA46}"
EndProject
Project("{9A19103F-16F7-4668-BE54-9A1E7A4F7556}") = "TupleDemo", "TupleDemo\TupleDemo.csproj", "{6A708B15-573B-417F-873F-AFB8BCBDC6F7}"
EndProject
Project("{9A19103F-16F7-4668-BE54-9A1E7A4F7556}") = "StackDemo", "StackDemo\StackDemo.csproj", "{242C18F5-044F-4CCB-859E-7278A435D56D}"
EndProject
Project("{9A19103F-16F7-4668-BE54-9A1E7A4F7556}") = "QueueDemo", "QueueDemo\QueueDemo.csproj", "{8717962E-65A0-4F91-860D-6FDA033C4B4F}"
EndProject
Project("{9A19103F-16F7-4668-BE54-9A1E7A4F7556}") = "HashSetDemo", "HashSetDemo\HashSetDemo.csproj", "{DA236E02-8AEA-4CB5-B548-C4B1B17F6A4D}"
EndProject
Project("{2150E333-8FDC-42A3-9474-1A3956D46DE8}") = "Async", "Async", "{2022E3BD-48E4-4C31-9A25-CA87BD01E8E9}"
EndProject
Project("{9A19103F-16F7-4668-BE54-9A1E7A4F7556}") = "TaskDemo", "TaskDemo\TaskDemo.csproj", "{C575BC79-1AB5-4728-8622-64239CC3CE1E}"
EndProject
Project("{9A19103F-16F7-4668-BE54-9A1E7A4F7556}") = "AsyncAwaitDemo", "AsyncAwaitDemo\AsyncAwaitDemo.csproj", "{2A04F367-8886-4A34-8012-45CA426E8F80}"
EndProject
Project("{9A19103F-16F7-4668-BE54-9A1E7A4F7556}") = "CallBackDemo", "CallBackDemo\CallBackDemo.csproj", "{A60959A0-7ABA-4FDE-B4B7-BB2536D1AD87}"
EndProject
Project("{9A19103F-16F7-4668-BE54-9A1E7A4F7556}") = "PropertyDemo", "PropertyDemo\PropertyDemo.csproj", "{868A2210-C8AA-4335-A81A-3F94EA17CB79}"
EndProject
Project("{9A19103F-16F7-4668-BE54-9A1E7A4F7556}") = "RandomDemo", "RandomDemo\RandomDemo.csproj", "{B938B348-CBE6-44BD-87BC-5077C1F3C73E}"
EndProject
Project("{2150E333-8FDC-42A3-9474-1A3956D46DE8}") = "Threads", "Threads", "{9A13E755-8AC9-43DF-BBEE-6E5A16F4AF3E}"
EndProject
Project("{9A19103F-16F7-4668-BE54-9A1E7A4F7556}") = "ThreadsDemo", "ThreadsDemo\ThreadsDemo.csproj", "{4768BF70-DFA5-4B4D-AA1F-881551453F84}"
EndProject
Project("{2150E333-8FDC-42A3-9474-1A3956D46DE8}") = "Nulls", "Nulls", "{0B9D5990-D298-464E-B954-9C525E53E706}"
EndProject
Project("{9A19103F-16F7-4668-BE54-9A1E7A4F7556}") = "NullCoalescingDemo", "NullCoalescingDemo\NullCoalescingDemo.csproj", "{533746AE-6B6A-402B-9CAA-E88733F78542}"
EndProject
Project("{9A19103F-16F7-4668-BE54-9A1E7A4F7556}") = "NullConditionalDemo", "NullConditionalDemo\NullConditionalDemo.csproj", "{8E6D197E-CFCD-46BB-8248-369E110B7013}"
EndProject
Project("{2150E333-8FDC-42A3-9474-1A3956D46DE8}") = "String", "String", "{AC87B7B3-FBD1-40BC-8E44-CF65D17ACCC8}"
EndProject
Project("{FAE04EC0-301F-11D3-BF4B-00C04F79EFBC}") = "StringInterpolationDemo", "StringInterpolationDemo\StringInterpolationDemo.csproj", "{42279B76-A966-4B2A-AF7D-82EED0EFC6A3}"
EndProject
Project("{2150E333-8FDC-42A3-9474-1A3956D46DE8}") = "Exceptions", "Exceptions", "{041BF075-69A7-470B-9590-596FA6A688F9}"
EndProject
Project("{FAE04EC0-301F-11D3-BF4B-00C04F79EFBC}") = "ExceptionFiltersDemo", "ExceptionFiltersDemo\ExceptionFiltersDemo.csproj", "{E2CAA161-B41D-4810-BCDD-7A08D9CB8426}"
EndProject
Project("{FAE04EC0-301F-11D3-BF4B-00C04F79EFBC}") = "ExceptionThrowDemo", "ExceptionThrowDemo\ExceptionThrowDemo.csproj", "{FA088C23-16A2-4CE8-AF63-1F8900A37C91}"
EndProject
Project("{2150E333-8FDC-42A3-9474-1A3956D46DE8}") = "Properties", "Properties", "{FE5A08D6-DEDA-4C15-A60E-D7A595E99D5F}"
EndProject
Project("{2150E333-8FDC-42A3-9474-1A3956D46DE8}") = "Random", "Random", "{EF63F183-D14A-450F-8817-B95DE3ACFD9D}"
EndProject
Project("{2150E333-8FDC-42A3-9474-1A3956D46DE8}") = "Using", "Using", "{01AFF218-2461-4EE9-8A83-59A3D7FB2A72}"
EndProject
Project("{FAE04EC0-301F-11D3-BF4B-00C04F79EFBC}") = "UsingDemo", "UsingDemo\UsingDemo.csproj", "{8A2CA663-1D89-492E-8F2A-B9A86D0181AC}"
EndProject
Global
	GlobalSection(SolutionConfigurationPlatforms) = preSolution
		Debug|Any CPU = Debug|Any CPU
		Release|Any CPU = Release|Any CPU
	EndGlobalSection
	GlobalSection(ProjectConfigurationPlatforms) = postSolution
		{2145439D-BAF7-45B8-A46A-6DBF1FD5E2AE}.Debug|Any CPU.ActiveCfg = Debug|Any CPU
		{2145439D-BAF7-45B8-A46A-6DBF1FD5E2AE}.Debug|Any CPU.Build.0 = Debug|Any CPU
		{2145439D-BAF7-45B8-A46A-6DBF1FD5E2AE}.Release|Any CPU.ActiveCfg = Release|Any CPU
		{2145439D-BAF7-45B8-A46A-6DBF1FD5E2AE}.Release|Any CPU.Build.0 = Release|Any CPU
		{B36D5639-884B-4C7A-A41B-456D01BDC59E}.Debug|Any CPU.ActiveCfg = Debug|Any CPU
		{B36D5639-884B-4C7A-A41B-456D01BDC59E}.Debug|Any CPU.Build.0 = Debug|Any CPU
		{B36D5639-884B-4C7A-A41B-456D01BDC59E}.Release|Any CPU.ActiveCfg = Release|Any CPU
		{B36D5639-884B-4C7A-A41B-456D01BDC59E}.Release|Any CPU.Build.0 = Release|Any CPU
		{755ED784-3084-4A5D-98A9-9297D4797688}.Debug|Any CPU.ActiveCfg = Debug|Any CPU
		{755ED784-3084-4A5D-98A9-9297D4797688}.Debug|Any CPU.Build.0 = Debug|Any CPU
		{755ED784-3084-4A5D-98A9-9297D4797688}.Release|Any CPU.ActiveCfg = Release|Any CPU
		{755ED784-3084-4A5D-98A9-9297D4797688}.Release|Any CPU.Build.0 = Release|Any CPU
		{4D688C00-3F76-4210-AF09-E5A5D44EE681}.Debug|Any CPU.ActiveCfg = Debug|Any CPU
		{4D688C00-3F76-4210-AF09-E5A5D44EE681}.Debug|Any CPU.Build.0 = Debug|Any CPU
		{4D688C00-3F76-4210-AF09-E5A5D44EE681}.Release|Any CPU.ActiveCfg = Release|Any CPU
		{4D688C00-3F76-4210-AF09-E5A5D44EE681}.Release|Any CPU.Build.0 = Release|Any CPU
		{8865309F-B6C6-4802-802B-3EB05ABF1AEA}.Debug|Any CPU.ActiveCfg = Debug|Any CPU
		{8865309F-B6C6-4802-802B-3EB05ABF1AEA}.Debug|Any CPU.Build.0 = Debug|Any CPU
		{8865309F-B6C6-4802-802B-3EB05ABF1AEA}.Release|Any CPU.ActiveCfg = Release|Any CPU
		{8865309F-B6C6-4802-802B-3EB05ABF1AEA}.Release|Any CPU.Build.0 = Release|Any CPU
		{7672E90F-BDDA-4E64-BE3D-43ECEB5CFA46}.Debug|Any CPU.ActiveCfg = Debug|Any CPU
		{7672E90F-BDDA-4E64-BE3D-43ECEB5CFA46}.Debug|Any CPU.Build.0 = Debug|Any CPU
		{7672E90F-BDDA-4E64-BE3D-43ECEB5CFA46}.Release|Any CPU.ActiveCfg = Release|Any CPU
		{7672E90F-BDDA-4E64-BE3D-43ECEB5CFA46}.Release|Any CPU.Build.0 = Release|Any CPU
		{6A708B15-573B-417F-873F-AFB8BCBDC6F7}.Debug|Any CPU.ActiveCfg = Debug|Any CPU
		{6A708B15-573B-417F-873F-AFB8BCBDC6F7}.Debug|Any CPU.Build.0 = Debug|Any CPU
		{6A708B15-573B-417F-873F-AFB8BCBDC6F7}.Release|Any CPU.ActiveCfg = Release|Any CPU
		{6A708B15-573B-417F-873F-AFB8BCBDC6F7}.Release|Any CPU.Build.0 = Release|Any CPU
		{242C18F5-044F-4CCB-859E-7278A435D56D}.Debug|Any CPU.ActiveCfg = Debug|Any CPU
		{242C18F5-044F-4CCB-859E-7278A435D56D}.Debug|Any CPU.Build.0 = Debug|Any CPU
		{242C18F5-044F-4CCB-859E-7278A435D56D}.Release|Any CPU.ActiveCfg = Release|Any CPU
		{242C18F5-044F-4CCB-859E-7278A435D56D}.Release|Any CPU.Build.0 = Release|Any CPU
		{8717962E-65A0-4F91-860D-6FDA033C4B4F}.Debug|Any CPU.ActiveCfg = Debug|Any CPU
		{8717962E-65A0-4F91-860D-6FDA033C4B4F}.Debug|Any CPU.Build.0 = Debug|Any CPU
		{8717962E-65A0-4F91-860D-6FDA033C4B4F}.Release|Any CPU.ActiveCfg = Release|Any CPU
		{8717962E-65A0-4F91-860D-6FDA033C4B4F}.Release|Any CPU.Build.0 = Release|Any CPU
		{DA236E02-8AEA-4CB5-B548-C4B1B17F6A4D}.Debug|Any CPU.ActiveCfg = Debug|Any CPU
		{DA236E02-8AEA-4CB5-B548-C4B1B17F6A4D}.Debug|Any CPU.Build.0 = Debug|Any CPU
		{DA236E02-8AEA-4CB5-B548-C4B1B17F6A4D}.Release|Any CPU.ActiveCfg = Release|Any CPU
		{DA236E02-8AEA-4CB5-B548-C4B1B17F6A4D}.Release|Any CPU.Build.0 = Release|Any CPU
		{C575BC79-1AB5-4728-8622-64239CC3CE1E}.Debug|Any CPU.ActiveCfg = Debug|Any CPU
		{C575BC79-1AB5-4728-8622-64239CC3CE1E}.Debug|Any CPU.Build.0 = Debug|Any CPU
		{C575BC79-1AB5-4728-8622-64239CC3CE1E}.Release|Any CPU.ActiveCfg = Release|Any CPU
		{C575BC79-1AB5-4728-8622-64239CC3CE1E}.Release|Any CPU.Build.0 = Release|Any CPU
		{2A04F367-8886-4A34-8012-45CA426E8F80}.Debug|Any CPU.ActiveCfg = Debug|Any CPU
		{2A04F367-8886-4A34-8012-45CA426E8F80}.Debug|Any CPU.Build.0 = Debug|Any CPU
		{2A04F367-8886-4A34-8012-45CA426E8F80}.Release|Any CPU.ActiveCfg = Release|Any CPU
		{2A04F367-8886-4A34-8012-45CA426E8F80}.Release|Any CPU.Build.0 = Release|Any CPU
		{A60959A0-7ABA-4FDE-B4B7-BB2536D1AD87}.Debug|Any CPU.ActiveCfg = Debug|Any CPU
		{A60959A0-7ABA-4FDE-B4B7-BB2536D1AD87}.Debug|Any CPU.Build.0 = Debug|Any CPU
		{A60959A0-7ABA-4FDE-B4B7-BB2536D1AD87}.Release|Any CPU.ActiveCfg = Release|Any CPU
		{A60959A0-7ABA-4FDE-B4B7-BB2536D1AD87}.Release|Any CPU.Build.0 = Release|Any CPU
		{868A2210-C8AA-4335-A81A-3F94EA17CB79}.Debug|Any CPU.ActiveCfg = Debug|Any CPU
		{868A2210-C8AA-4335-A81A-3F94EA17CB79}.Debug|Any CPU.Build.0 = Debug|Any CPU
		{868A2210-C8AA-4335-A81A-3F94EA17CB79}.Release|Any CPU.ActiveCfg = Release|Any CPU
		{868A2210-C8AA-4335-A81A-3F94EA17CB79}.Release|Any CPU.Build.0 = Release|Any CPU
		{B938B348-CBE6-44BD-87BC-5077C1F3C73E}.Debug|Any CPU.ActiveCfg = Debug|Any CPU
		{B938B348-CBE6-44BD-87BC-5077C1F3C73E}.Debug|Any CPU.Build.0 = Debug|Any CPU
		{B938B348-CBE6-44BD-87BC-5077C1F3C73E}.Release|Any CPU.ActiveCfg = Release|Any CPU
		{B938B348-CBE6-44BD-87BC-5077C1F3C73E}.Release|Any CPU.Build.0 = Release|Any CPU
		{4768BF70-DFA5-4B4D-AA1F-881551453F84}.Debug|Any CPU.ActiveCfg = Debug|Any CPU
		{4768BF70-DFA5-4B4D-AA1F-881551453F84}.Debug|Any CPU.Build.0 = Debug|Any CPU
		{4768BF70-DFA5-4B4D-AA1F-881551453F84}.Release|Any CPU.ActiveCfg = Release|Any CPU
		{4768BF70-DFA5-4B4D-AA1F-881551453F84}.Release|Any CPU.Build.0 = Release|Any CPU
		{533746AE-6B6A-402B-9CAA-E88733F78542}.Debug|Any CPU.ActiveCfg = Debug|Any CPU
		{533746AE-6B6A-402B-9CAA-E88733F78542}.Debug|Any CPU.Build.0 = Debug|Any CPU
		{533746AE-6B6A-402B-9CAA-E88733F78542}.Release|Any CPU.ActiveCfg = Release|Any CPU
		{533746AE-6B6A-402B-9CAA-E88733F78542}.Release|Any CPU.Build.0 = Release|Any CPU
		{8E6D197E-CFCD-46BB-8248-369E110B7013}.Debug|Any CPU.ActiveCfg = Debug|Any CPU
		{8E6D197E-CFCD-46BB-8248-369E110B7013}.Debug|Any CPU.Build.0 = Debug|Any CPU
		{8E6D197E-CFCD-46BB-8248-369E110B7013}.Release|Any CPU.ActiveCfg = Release|Any CPU
		{8E6D197E-CFCD-46BB-8248-369E110B7013}.Release|Any CPU.Build.0 = Release|Any CPU
		{42279B76-A966-4B2A-AF7D-82EED0EFC6A3}.Debug|Any CPU.ActiveCfg = Debug|Any CPU
		{42279B76-A966-4B2A-AF7D-82EED0EFC6A3}.Debug|Any CPU.Build.0 = Debug|Any CPU
		{42279B76-A966-4B2A-AF7D-82EED0EFC6A3}.Release|Any CPU.ActiveCfg = Release|Any CPU
		{42279B76-A966-4B2A-AF7D-82EED0EFC6A3}.Release|Any CPU.Build.0 = Release|Any CPU
		{E2CAA161-B41D-4810-BCDD-7A08D9CB8426}.Debug|Any CPU.ActiveCfg = Debug|Any CPU
		{E2CAA161-B41D-4810-BCDD-7A08D9CB8426}.Debug|Any CPU.Build.0 = Debug|Any CPU
		{E2CAA161-B41D-4810-BCDD-7A08D9CB8426}.Release|Any CPU.ActiveCfg = Release|Any CPU
		{E2CAA161-B41D-4810-BCDD-7A08D9CB8426}.Release|Any CPU.Build.0 = Release|Any CPU
		{FA088C23-16A2-4CE8-AF63-1F8900A37C91}.Debug|Any CPU.ActiveCfg = Debug|Any CPU
		{FA088C23-16A2-4CE8-AF63-1F8900A37C91}.Debug|Any CPU.Build.0 = Debug|Any CPU
		{FA088C23-16A2-4CE8-AF63-1F8900A37C91}.Release|Any CPU.ActiveCfg = Release|Any CPU
		{FA088C23-16A2-4CE8-AF63-1F8900A37C91}.Release|Any CPU.Build.0 = Release|Any CPU
		{8A2CA663-1D89-492E-8F2A-B9A86D0181AC}.Debug|Any CPU.ActiveCfg = Debug|Any CPU
		{8A2CA663-1D89-492E-8F2A-B9A86D0181AC}.Debug|Any CPU.Build.0 = Debug|Any CPU
		{8A2CA663-1D89-492E-8F2A-B9A86D0181AC}.Release|Any CPU.ActiveCfg = Release|Any CPU
		{8A2CA663-1D89-492E-8F2A-B9A86D0181AC}.Release|Any CPU.Build.0 = Release|Any CPU
	EndGlobalSection
	GlobalSection(SolutionProperties) = preSolution
		HideSolutionNode = FALSE
	EndGlobalSection
	GlobalSection(NestedProjects) = preSolution
		{2145439D-BAF7-45B8-A46A-6DBF1FD5E2AE} = {0C6FCDBF-E8CC-4319-948A-FA5F7464F86E}
		{B36D5639-884B-4C7A-A41B-456D01BDC59E} = {0C6FCDBF-E8CC-4319-948A-FA5F7464F86E}
		{755ED784-3084-4A5D-98A9-9297D4797688} = {0C6FCDBF-E8CC-4319-948A-FA5F7464F86E}
		{4D688C00-3F76-4210-AF09-E5A5D44EE681} = {0C6FCDBF-E8CC-4319-948A-FA5F7464F86E}
		{8865309F-B6C6-4802-802B-3EB05ABF1AEA} = {0C6FCDBF-E8CC-4319-948A-FA5F7464F86E}
		{7672E90F-BDDA-4E64-BE3D-43ECEB5CFA46} = {0C6FCDBF-E8CC-4319-948A-FA5F7464F86E}
		{6A708B15-573B-417F-873F-AFB8BCBDC6F7} = {0C6FCDBF-E8CC-4319-948A-FA5F7464F86E}
		{242C18F5-044F-4CCB-859E-7278A435D56D} = {0C6FCDBF-E8CC-4319-948A-FA5F7464F86E}
		{8717962E-65A0-4F91-860D-6FDA033C4B4F} = {0C6FCDBF-E8CC-4319-948A-FA5F7464F86E}
		{DA236E02-8AEA-4CB5-B548-C4B1B17F6A4D} = {0C6FCDBF-E8CC-4319-948A-FA5F7464F86E}
		{C575BC79-1AB5-4728-8622-64239CC3CE1E} = {2022E3BD-48E4-4C31-9A25-CA87BD01E8E9}
		{2A04F367-8886-4A34-8012-45CA426E8F80} = {2022E3BD-48E4-4C31-9A25-CA87BD01E8E9}
		{A60959A0-7ABA-4FDE-B4B7-BB2536D1AD87} = {2022E3BD-48E4-4C31-9A25-CA87BD01E8E9}
		{868A2210-C8AA-4335-A81A-3F94EA17CB79} = {FE5A08D6-DEDA-4C15-A60E-D7A595E99D5F}
		{B938B348-CBE6-44BD-87BC-5077C1F3C73E} = {EF63F183-D14A-450F-8817-B95DE3ACFD9D}
		{4768BF70-DFA5-4B4D-AA1F-881551453F84} = {9A13E755-8AC9-43DF-BBEE-6E5A16F4AF3E}
		{533746AE-6B6A-402B-9CAA-E88733F78542} = {0B9D5990-D298-464E-B954-9C525E53E706}
		{8E6D197E-CFCD-46BB-8248-369E110B7013} = {0B9D5990-D298-464E-B954-9C525E53E706}
		{42279B76-A966-4B2A-AF7D-82EED0EFC6A3} = {AC87B7B3-FBD1-40BC-8E44-CF65D17ACCC8}
		{E2CAA161-B41D-4810-BCDD-7A08D9CB8426} = {041BF075-69A7-470B-9590-596FA6A688F9}
		{FA088C23-16A2-4CE8-AF63-1F8900A37C91} = {041BF075-69A7-470B-9590-596FA6A688F9}
		{8A2CA663-1D89-492E-8F2A-B9A86D0181AC} = {01AFF218-2461-4EE9-8A83-59A3D7FB2A72}
	EndGlobalSection
	GlobalSection(ExtensibilityGlobals) = postSolution
		SolutionGuid = {61835ADA-FF36-4763-BA11-CB30C86B8AB9}
	EndGlobalSection
EndGlobal
